
Microsoft Visual Studio Solution File, Format Version 12.00
# Visual Studio Version 17
VisualStudioVersion = 17.11.35303.130
MinimumVisualStudioVersion = 10.0.40219.1
Project("{9A19103F-16F7-4668-BE54-9A1E7A4F7556}") = "ERP.API", "ERP.API\ERP.API.csproj", "{FA27BEA6-D58C-4305-A567-5B79173AC252}"
EndProject
Project("{9A19103F-16F7-4668-BE54-9A1E7A4F7556}") = "ERP.Core", "ERP.Core\ERP.Core.csproj", "{084F85BF-EC1F-4903-B3A5-4D7BCA420BDD}"
EndProject
Project("{9A19103F-16F7-4668-BE54-9A1E7A4F7556}") = "ERP.AuthService", "ERP.AuthService\ERP.AuthService.csproj", "{132A510E-3248-4940-AB6E-F7E64A63A520}"
EndProject
Project("{9A19103F-16F7-4668-BE54-9A1E7A4F7556}") = "ERP.AgenticLayer", "ERP.AgenticLayer\ERP.AgenticLayer.csproj", "{7F2BB39D-9772-4996-9BE0-96A14125BD5A}"
EndProject
Project("{9A19103F-16F7-4668-BE54-9A1E7A4F7556}") = "ERP.SalesService", "ERP.SalesService\ERP.SalesService.csproj", "{52D18986-0B36-4915-87F7-B615B08B75AC}"
EndProject
Project("{9A19103F-16F7-4668-BE54-9A1E7A4F7556}") = "ERP.InventoryService", "ERP.InventoryService\ERP.InventoryService.csproj", "{59D0BEDC-3C78-4C72-8B56-B083E89A6CC6}"
EndProject
Project("{9A19103F-16F7-4668-BE54-9A1E7A4F7556}") = "ERP.AccountingService", "ERP.AccountingService\ERP.AccountingService.csproj", "{75A65878-B0D7-4CFD-BD01-6DF19321FE6E}"
EndProject
Project("{9A19103F-16F7-4668-BE54-9A1E7A4F7556}") = "ERP.WorkflowEngine", "ERP.WorkflowEngine\ERP.WorkflowEngine.csproj", "{8D395B3F-223F-48BD-80CB-45FA23B27016}"
EndProject
Project("{9A19103F-16F7-4668-BE54-9A1E7A4F7556}") = "ERP.Shared", "ERP.Shared\ERP.Shared.csproj", "{390C0B9A-E159-4CEC-B11D-B474918C680C}"
EndProject
Project("{9A19103F-16F7-4668-BE54-9A1E7A4F7556}") = "ERP.Data", "ERP.Data\ERP.Data.csproj", "{A0AC6B39-C203-4584-925C-64A7048F63B4}"
EndProject
Project("{9A19103F-16F7-4668-BE54-9A1E7A4F7556}") = "ERP.Plugins", "ERP.Plugins\ERP.Plugins.csproj", "{EA9C53D9-1008-47E9-8576-DD901925C82A}"
EndProject
Project("{FAE04EC0-301F-11D3-BF4B-00C04F79EFBC}") = "ERP.WEBUI", "ERP.WEBUI\ERP.WEBUI.csproj", "{4CCE94D5-75A8-48FB-B7AF-BEDBE209DF30}"
EndProject
Project("{FAE04EC0-301F-11D3-BF4B-00C04F79EFBC}") = "ERP.CMSService", "ERP.CMSService\ERP.CMSService.csproj", "{B555B061-47EB-4090-9E4E-06E2CB923701}"
EndProject
Project("{FAE04EC0-301F-11D3-BF4B-00C04F79EFBC}") = "ERP.HRService", "ERP.HRService\ERP.HRService.csproj", "{1F4E9109-D2D2-4C69-823D-3D58FA062C0A}"
EndProject
Global
	GlobalSection(SolutionConfigurationPlatforms) = preSolution
		Debug|Any CPU = Debug|Any CPU
		Release|Any CPU = Release|Any CPU
	EndGlobalSection
	GlobalSection(ProjectConfigurationPlatforms) = postSolution
		{FA27BEA6-D58C-4305-A567-5B79173AC252}.Debug|Any CPU.ActiveCfg = Debug|Any CPU
		{FA27BEA6-D58C-4305-A567-5B79173AC252}.Debug|Any CPU.Build.0 = Debug|Any CPU
		{FA27BEA6-D58C-4305-A567-5B79173AC252}.Release|Any CPU.ActiveCfg = Release|Any CPU
		{FA27BEA6-D58C-4305-A567-5B79173AC252}.Release|Any CPU.Build.0 = Release|Any CPU
		{084F85BF-EC1F-4903-B3A5-4D7BCA420BDD}.Debug|Any CPU.ActiveCfg = Debug|Any CPU
		{084F85BF-EC1F-4903-B3A5-4D7BCA420BDD}.Debug|Any CPU.Build.0 = Debug|Any CPU
		{084F85BF-EC1F-4903-B3A5-4D7BCA420BDD}.Release|Any CPU.ActiveCfg = Release|Any CPU
		{084F85BF-EC1F-4903-B3A5-4D7BCA420BDD}.Release|Any CPU.Build.0 = Release|Any CPU
		{132A510E-3248-4940-AB6E-F7E64A63A520}.Debug|Any CPU.ActiveCfg = Debug|Any CPU
		{132A510E-3248-4940-AB6E-F7E64A63A520}.Debug|Any CPU.Build.0 = Debug|Any CPU
		{132A510E-3248-4940-AB6E-F7E64A63A520}.Release|Any CPU.ActiveCfg = Release|Any CPU
		{132A510E-3248-4940-AB6E-F7E64A63A520}.Release|Any CPU.Build.0 = Release|Any CPU
		{7F2BB39D-9772-4996-9BE0-96A14125BD5A}.Debug|Any CPU.ActiveCfg = Debug|Any CPU
		{7F2BB39D-9772-4996-9BE0-96A14125BD5A}.Debug|Any CPU.Build.0 = Debug|Any CPU
		{7F2BB39D-9772-4996-9BE0-96A14125BD5A}.Release|Any CPU.ActiveCfg = Release|Any CPU
		{7F2BB39D-9772-4996-9BE0-96A14125BD5A}.Release|Any CPU.Build.0 = Release|Any CPU
		{52D18986-0B36-4915-87F7-B615B08B75AC}.Debug|Any CPU.ActiveCfg = Debug|Any CPU
		{52D18986-0B36-4915-87F7-B615B08B75AC}.Debug|Any CPU.Build.0 = Debug|Any CPU
		{52D18986-0B36-4915-87F7-B615B08B75AC}.Release|Any CPU.ActiveCfg = Release|Any CPU
		{52D18986-0B36-4915-87F7-B615B08B75AC}.Release|Any CPU.Build.0 = Release|Any CPU
		{59D0BEDC-3C78-4C72-8B56-B083E89A6CC6}.Debug|Any CPU.ActiveCfg = Debug|Any CPU
		{59D0BEDC-3C78-4C72-8B56-B083E89A6CC6}.Debug|Any CPU.Build.0 = Debug|Any CPU
		{59D0BEDC-3C78-4C72-8B56-B083E89A6CC6}.Release|Any CPU.ActiveCfg = Release|Any CPU
		{59D0BEDC-3C78-4C72-8B56-B083E89A6CC6}.Release|Any CPU.Build.0 = Release|Any CPU
		{75A65878-B0D7-4CFD-BD01-6DF19321FE6E}.Debug|Any CPU.ActiveCfg = Debug|Any CPU
		{75A65878-B0D7-4CFD-BD01-6DF19321FE6E}.Debug|Any CPU.Build.0 = Debug|Any CPU
		{75A65878-B0D7-4CFD-BD01-6DF19321FE6E}.Release|Any CPU.ActiveCfg = Release|Any CPU
		{75A65878-B0D7-4CFD-BD01-6DF19321FE6E}.Release|Any CPU.Build.0 = Release|Any CPU
		{8D395B3F-223F-48BD-80CB-45FA23B27016}.Debug|Any CPU.ActiveCfg = Debug|Any CPU
		{8D395B3F-223F-48BD-80CB-45FA23B27016}.Debug|Any CPU.Build.0 = Debug|Any CPU
		{8D395B3F-223F-48BD-80CB-45FA23B27016}.Release|Any CPU.ActiveCfg = Release|Any CPU
		{8D395B3F-223F-48BD-80CB-45FA23B27016}.Release|Any CPU.Build.0 = Release|Any CPU
		{390C0B9A-E159-4CEC-B11D-B474918C680C}.Debug|Any CPU.ActiveCfg = Debug|Any CPU
		{390C0B9A-E159-4CEC-B11D-B474918C680C}.Debug|Any CPU.Build.0 = Debug|Any CPU
		{390C0B9A-E159-4CEC-B11D-B474918C680C}.Release|Any CPU.ActiveCfg = Release|Any CPU
		{390C0B9A-E159-4CEC-B11D-B474918C680C}.Release|Any CPU.Build.0 = Release|Any CPU
		{A0AC6B39-C203-4584-925C-64A7048F63B4}.Debug|Any CPU.ActiveCfg = Debug|Any CPU
		{A0AC6B39-C203-4584-925C-64A7048F63B4}.Debug|Any CPU.Build.0 = Debug|Any CPU
		{A0AC6B39-C203-4584-925C-64A7048F63B4}.Release|Any CPU.ActiveCfg = Release|Any CPU
		{A0AC6B39-C203-4584-925C-64A7048F63B4}.Release|Any CPU.Build.0 = Release|Any CPU
		{EA9C53D9-1008-47E9-8576-DD901925C82A}.Debug|Any CPU.ActiveCfg = Debug|Any CPU
		{EA9C53D9-1008-47E9-8576-DD901925C82A}.Debug|Any CPU.Build.0 = Debug|Any CPU
		{EA9C53D9-1008-47E9-8576-DD901925C82A}.Release|Any CPU.ActiveCfg = Release|Any CPU
		{EA9C53D9-1008-47E9-8576-DD901925C82A}.Release|Any CPU.Build.0 = Release|Any CPU
		{4CCE94D5-75A8-48FB-B7AF-BEDBE209DF30}.Debug|Any CPU.ActiveCfg = Debug|Any CPU
		{4CCE94D5-75A8-48FB-B7AF-BEDBE209DF30}.Debug|Any CPU.Build.0 = Debug|Any CPU
		{4CCE94D5-75A8-48FB-B7AF-BEDBE209DF30}.Release|Any CPU.ActiveCfg = Release|Any CPU
		{4CCE94D5-75A8-48FB-B7AF-BEDBE209DF30}.Release|Any CPU.Build.0 = Release|Any CPU
		{B555B061-47EB-4090-9E4E-06E2CB923701}.Debug|Any CPU.ActiveCfg = Debug|Any CPU
		{B555B061-47EB-4090-9E4E-06E2CB923701}.Debug|Any CPU.Build.0 = Debug|Any CPU
		{B555B061-47EB-4090-9E4E-06E2CB923701}.Release|Any CPU.ActiveCfg = Release|Any CPU
		{B555B061-47EB-4090-9E4E-06E2CB923701}.Release|Any CPU.Build.0 = Release|Any CPU
		{1F4E9109-D2D2-4C69-823D-3D58FA062C0A}.Debug|Any CPU.ActiveCfg = Debug|Any CPU
		{1F4E9109-D2D2-4C69-823D-3D58FA062C0A}.Debug|Any CPU.Build.0 = Debug|Any CPU
		{1F4E9109-D2D2-4C69-823D-3D58FA062C0A}.Release|Any CPU.ActiveCfg = Release|Any CPU
		{1F4E9109-D2D2-4C69-823D-3D58FA062C0A}.Release|Any CPU.Build.0 = Release|Any CPU
	EndGlobalSection
	GlobalSection(SolutionProperties) = preSolution
		HideSolutionNode = FALSE
	EndGlobalSection
	GlobalSection(ExtensibilityGlobals) = postSolution
		SolutionGuid = {D9490E42-BA00-418C-863D-FD962E2CA9AA}
	EndGlobalSection
EndGlobal
