
Microsoft Visual Studio Solution File, Format Version 12.00
# Visual Studio Version 17
VisualStudioVersion = 17.11.35303.130
MinimumVisualStudioVersion = 10.0.40219.1
Project("{9A19103F-16F7-4668-BE54-9A1E7A4F7556}") = "ERP.AuthService", "ERP.AuthService\ERP.AuthService.csproj", "{132A510E-3248-4940-AB6E-F7E64A63A520}"
EndProject
Project("{9A19103F-16F7-4668-BE54-9A1E7A4F7556}") = "ERP.Shared", "ERP.Shared\ERP.Shared.csproj", "{390C0B9A-E159-4CEC-B11D-B474918C680C}"
EndProject
Project("{9A19103F-16F7-4668-BE54-9A1E7A4F7556}") = "ERP.HRService", "ERP.HRService\ERP.HRService.csproj", "{30160FA7-DF5C-41E2-9738-CD1E2942B3CB}"
EndProject
Project("{9A19103F-16F7-4668-BE54-9A1E7A4F7556}") = "ERP.PayrollService", "ERP.PayrollService\ERP.PayrollService.csproj", "{BC4F111A-A676-4240-A701-960732B1AB8E}"
EndProject
Global
	GlobalSection(SolutionConfigurationPlatforms) = preSolution
		Debug|Any CPU = Debug|Any CPU
		Release|Any CPU = Release|Any CPU
	EndGlobalSection
	GlobalSection(ProjectConfigurationPlatforms) = postSolution
		{132A510E-3248-4940-AB6E-F7E64A63A520}.Debug|Any CPU.ActiveCfg = Debug|Any CPU
		{132A510E-3248-4940-AB6E-F7E64A63A520}.Debug|Any CPU.Build.0 = Debug|Any CPU
		{132A510E-3248-4940-AB6E-F7E64A63A520}.Release|Any CPU.ActiveCfg = Release|Any CPU
		{132A510E-3248-4940-AB6E-F7E64A63A520}.Release|Any CPU.Build.0 = Release|Any CPU
		{390C0B9A-E159-4CEC-B11D-B474918C680C}.Debug|Any CPU.ActiveCfg = Debug|Any CPU
		{390C0B9A-E159-4CEC-B11D-B474918C680C}.Debug|Any CPU.Build.0 = Debug|Any CPU
		{390C0B9A-E159-4CEC-B11D-B474918C680C}.Release|Any CPU.ActiveCfg = Release|Any CPU
		{390C0B9A-E159-4CEC-B11D-B474918C680C}.Release|Any CPU.Build.0 = Release|Any CPU
		{30160FA7-DF5C-41E2-9738-CD1E2942B3CB}.Debug|Any CPU.ActiveCfg = Debug|Any CPU
		{30160FA7-DF5C-41E2-9738-CD1E2942B3CB}.Debug|Any CPU.Build.0 = Debug|Any CPU
		{30160FA7-DF5C-41E2-9738-CD1E2942B3CB}.Release|Any CPU.ActiveCfg = Release|Any CPU
		{30160FA7-DF5C-41E2-9738-CD1E2942B3CB}.Release|Any CPU.Build.0 = Release|Any CPU
		{BC4F111A-A676-4240-A701-960732B1AB8E}.Debug|Any CPU.ActiveCfg = Debug|Any CPU
		{BC4F111A-A676-4240-A701-960732B1AB8E}.Debug|Any CPU.Build.0 = Debug|Any CPU
		{BC4F111A-A676-4240-A701-960732B1AB8E}.Release|Any CPU.ActiveCfg = Release|Any CPU
		{BC4F111A-A676-4240-A701-960732B1AB8E}.Release|Any CPU.Build.0 = Release|Any CPU
	EndGlobalSection
	GlobalSection(SolutionProperties) = preSolution
		HideSolutionNode = FALSE
	EndGlobalSection
	GlobalSection(ExtensibilityGlobals) = postSolution
		SolutionGuid = {D9490E42-BA00-418C-863D-FD962E2CA9AA}
	EndGlobalSection
EndGlobal
